
Microsoft Visual Studio Solution File, Format Version 12.00
# Visual Studio 15
VisualStudioVersion = 15.0.28307.705
MinimumVisualStudioVersion = 10.0.40219.1
Project("{FAE04EC0-301F-11D3-BF4B-00C04F79EFBC}") = "COMP123-S2019-Lesson8A", "COMP123-S2019-Lesson8A\COMP123-S2019-Lesson8A.csproj", "{7858B68A-4C60-4081-900C-E7AC41F28EE2}"
EndProject
Global
	GlobalSection(SolutionConfigurationPlatforms) = preSolution
		Debug|Any CPU = Debug|Any CPU
		Release|Any CPU = Release|Any CPU
	EndGlobalSection
	GlobalSection(ProjectConfigurationPlatforms) = postSolution
		{7858B68A-4C60-4081-900C-E7AC41F28EE2}.Debug|Any CPU.ActiveCfg = Debug|Any CPU
		{7858B68A-4C60-4081-900C-E7AC41F28EE2}.Debug|Any CPU.Build.0 = Debug|Any CPU
		{7858B68A-4C60-4081-900C-E7AC41F28EE2}.Release|Any CPU.ActiveCfg = Release|Any CPU
		{7858B68A-4C60-4081-900C-E7AC41F28EE2}.Release|Any CPU.Build.0 = Release|Any CPU
	EndGlobalSection
	GlobalSection(SolutionProperties) = preSolution
		HideSolutionNode = FALSE
	EndGlobalSection
	GlobalSection(ExtensibilityGlobals) = postSolution
		SolutionGuid = {D8C8E033-7562-4BE3-A589-817FA8F82928}
	EndGlobalSection
EndGlobal
